
Microsoft Visual Studio Solution File, Format Version 12.00
# Visual Studio Version 16
VisualStudioVersion = 16.0.29806.167
MinimumVisualStudioVersion = 10.0.40219.1
Project("{FAE04EC0-301F-11D3-BF4B-00C04F79EFBC}") = "CUCMFacInfoAutomation", "CUCMFacInfoAutomation\CUCMFacInfoAutomation.csproj", "{6BEDE632-AF74-4517-A5EF-165156021B6F}"
EndProject
Global
	GlobalSection(SolutionConfigurationPlatforms) = preSolution
		Debug|Any CPU = Debug|Any CPU
		Release|Any CPU = Release|Any CPU
	EndGlobalSection
	GlobalSection(ProjectConfigurationPlatforms) = postSolution
		{6BEDE632-AF74-4517-A5EF-165156021B6F}.Debug|Any CPU.ActiveCfg = Debug|Any CPU
		{6BEDE632-AF74-4517-A5EF-165156021B6F}.Debug|Any CPU.Build.0 = Debug|Any CPU
		{6BEDE632-AF74-4517-A5EF-165156021B6F}.Release|Any CPU.ActiveCfg = Release|Any CPU
		{6BEDE632-AF74-4517-A5EF-165156021B6F}.Release|Any CPU.Build.0 = Release|Any CPU
	EndGlobalSection
	GlobalSection(SolutionProperties) = preSolution
		HideSolutionNode = FALSE
	EndGlobalSection
	GlobalSection(ExtensibilityGlobals) = postSolution
		SolutionGuid = {F226382E-0FF5-4C34-B611-F82EAF7218DE}
	EndGlobalSection
EndGlobal
